
Microsoft Visual Studio Solution File, Format Version 12.00
# Visual Studio Version 16
VisualStudioVersion = 16.0.33328.57
MinimumVisualStudioVersion = 10.0.40219.1
Project("{FAE04EC0-301F-11D3-BF4B-00C04F79EFBC}") = "lab19", "lab19\lab19.csproj", "{697CA844-7131-4BCE-980B-88E4176E5D83}"
EndProject
Global
	GlobalSection(SolutionConfigurationPlatforms) = preSolution
		Debug|Any CPU = Debug|Any CPU
		Release|Any CPU = Release|Any CPU
	EndGlobalSection
	GlobalSection(ProjectConfigurationPlatforms) = postSolution
		{697CA844-7131-4BCE-980B-88E4176E5D83}.Debug|Any CPU.ActiveCfg = Debug|Any CPU
		{697CA844-7131-4BCE-980B-88E4176E5D83}.Debug|Any CPU.Build.0 = Debug|Any CPU
		{697CA844-7131-4BCE-980B-88E4176E5D83}.Release|Any CPU.ActiveCfg = Release|Any CPU
		{697CA844-7131-4BCE-980B-88E4176E5D83}.Release|Any CPU.Build.0 = Release|Any CPU
	EndGlobalSection
	GlobalSection(SolutionProperties) = preSolution
		HideSolutionNode = FALSE
	EndGlobalSection
	GlobalSection(ExtensibilityGlobals) = postSolution
		SolutionGuid = {4AF27157-8B42-4A3A-ACE7-55599A4D4B14}
	EndGlobalSection
EndGlobal
